
Microsoft Visual Studio Solution File, Format Version 12.00
# Visual Studio Version 16
VisualStudioVersion = 16.0.30114.105
MinimumVisualStudioVersion = 10.0.40219.1
Project("{FAE04EC0-301F-11D3-BF4B-00C04F79EFBC}") = "PractiseQuestions", "PractiseQuestions\PractiseQuestions.csproj", "{DCE60DF5-4927-429B-81AF-C3163A30F113}"
EndProject
Global
	GlobalSection(SolutionConfigurationPlatforms) = preSolution
		Debug|Any CPU = Debug|Any CPU
		Release|Any CPU = Release|Any CPU
	EndGlobalSection
	GlobalSection(SolutionProperties) = preSolution
		HideSolutionNode = FALSE
	EndGlobalSection
	GlobalSection(ProjectConfigurationPlatforms) = postSolution
		{DCE60DF5-4927-429B-81AF-C3163A30F113}.Debug|Any CPU.ActiveCfg = Debug|Any CPU
		{DCE60DF5-4927-429B-81AF-C3163A30F113}.Debug|Any CPU.Build.0 = Debug|Any CPU
		{DCE60DF5-4927-429B-81AF-C3163A30F113}.Release|Any CPU.ActiveCfg = Release|Any CPU
		{DCE60DF5-4927-429B-81AF-C3163A30F113}.Release|Any CPU.Build.0 = Release|Any CPU
	EndGlobalSection
EndGlobal
